
Microsoft Visual Studio Solution File, Format Version 12.00
# Visual Studio Version 17
VisualStudioVersion = 17.8.34330.188
MinimumVisualStudioVersion = 10.0.40219.1
Project("{FAE04EC0-301F-11D3-BF4B-00C04F79EFBC}") = "Гонка2", "Гонка2\Гонка2.csproj", "{C1361F06-07FA-4E5F-8337-AE0B73533F33}"
EndProject
Global
	GlobalSection(SolutionConfigurationPlatforms) = preSolution
		Debug|Any CPU = Debug|Any CPU
		Release|Any CPU = Release|Any CPU
	EndGlobalSection
	GlobalSection(ProjectConfigurationPlatforms) = postSolution
		{C1361F06-07FA-4E5F-8337-AE0B73533F33}.Debug|Any CPU.ActiveCfg = Debug|Any CPU
		{C1361F06-07FA-4E5F-8337-AE0B73533F33}.Debug|Any CPU.Build.0 = Debug|Any CPU
		{C1361F06-07FA-4E5F-8337-AE0B73533F33}.Release|Any CPU.ActiveCfg = Release|Any CPU
		{C1361F06-07FA-4E5F-8337-AE0B73533F33}.Release|Any CPU.Build.0 = Release|Any CPU
	EndGlobalSection
	GlobalSection(SolutionProperties) = preSolution
		HideSolutionNode = FALSE
	EndGlobalSection
	GlobalSection(ExtensibilityGlobals) = postSolution
		SolutionGuid = {2BEC7303-3BCF-4093-AC4F-EBDA864FAA11}
	EndGlobalSection
EndGlobal
